// !$*UTF8*$!
{
	archiveVersion = 1;
	classes = {
	};
	objectVersion = 56;
	objects = {

/* Begin PBXBuildFile section */
		6E04FA0329D212BE00503E75 /* AppDelegate.swift in Sources */ = {isa = PBXBuildFile; fileRef = 6E04FA0229D212BE00503E75 /* AppDelegate.swift */; };
		6E04FA0529D212BE00503E75 /* SceneDelegate.swift in Sources */ = {isa = PBXBuildFile; fileRef = 6E04FA0429D212BE00503E75 /* SceneDelegate.swift */; };
		6E04FA0A29D212BE00503E75 /* Main.storyboard in Resources */ = {isa = PBXBuildFile; fileRef = 6E04FA0829D212BE00503E75 /* Main.storyboard */; };
		6E04FA0F29D212C100503E75 /* LaunchScreen.storyboard in Resources */ = {isa = PBXBuildFile; fileRef = 6E04FA0D29D212C100503E75 /* LaunchScreen.storyboard */; };
		6E04FA1929D2179300503E75 /* Onboarding.storyboard in Resources */ = {isa = PBXBuildFile; fileRef = 6E04FA1829D2179300503E75 /* Onboarding.storyboard */; };
		6E04FA2D29D222C200503E75 /* Poppins-ExtraBoldItalic.ttf in Resources */ = {isa = PBXBuildFile; fileRef = 6E04FA1B29D222C100503E75 /* Poppins-ExtraBoldItalic.ttf */; };
		6E04FA2E29D222C200503E75 /* Poppins-Light.ttf in Resources */ = {isa = PBXBuildFile; fileRef = 6E04FA1C29D222C100503E75 /* Poppins-Light.ttf */; };
		6E04FA2F29D222C200503E75 /* Poppins-BoldItalic.ttf in Resources */ = {isa = PBXBuildFile; fileRef = 6E04FA1D29D222C100503E75 /* Poppins-BoldItalic.ttf */; };
		6E04FA3029D222C200503E75 /* Poppins-ThinItalic.ttf in Resources */ = {isa = PBXBuildFile; fileRef = 6E04FA1E29D222C100503E75 /* Poppins-ThinItalic.ttf */; };
		6E04FA3129D222C200503E75 /* Poppins-Bold.ttf in Resources */ = {isa = PBXBuildFile; fileRef = 6E04FA1F29D222C100503E75 /* Poppins-Bold.ttf */; };
		6E04FA3229D222C200503E75 /* Poppins-SemiBold.ttf in Resources */ = {isa = PBXBuildFile; fileRef = 6E04FA2029D222C100503E75 /* Poppins-SemiBold.ttf */; };
		6E04FA3329D222C200503E75 /* Poppins-Italic.ttf in Resources */ = {isa = PBXBuildFile; fileRef = 6E04FA2129D222C100503E75 /* Poppins-Italic.ttf */; };
		6E04FA3429D222C200503E75 /* Poppins-MediumItalic.ttf in Resources */ = {isa = PBXBuildFile; fileRef = 6E04FA2229D222C100503E75 /* Poppins-MediumItalic.ttf */; };
		6E04FA3529D222C200503E75 /* Poppins-SemiBoldItalic.ttf in Resources */ = {isa = PBXBuildFile; fileRef = 6E04FA2329D222C100503E75 /* Poppins-SemiBoldItalic.ttf */; };
		6E04FA3629D222C200503E75 /* Poppins-Medium.ttf in Resources */ = {isa = PBXBuildFile; fileRef = 6E04FA2429D222C200503E75 /* Poppins-Medium.ttf */; };
		6E04FA3729D222C200503E75 /* Poppins-Thin.ttf in Resources */ = {isa = PBXBuildFile; fileRef = 6E04FA2529D222C200503E75 /* Poppins-Thin.ttf */; };
		6E04FA3829D222C200503E75 /* Poppins-ExtraLightItalic.ttf in Resources */ = {isa = PBXBuildFile; fileRef = 6E04FA2629D222C200503E75 /* Poppins-ExtraLightItalic.ttf */; };
		6E04FA3929D222C200503E75 /* Poppins-Black.ttf in Resources */ = {isa = PBXBuildFile; fileRef = 6E04FA2729D222C200503E75 /* Poppins-Black.ttf */; };
		6E04FA3A29D222C200503E75 /* Poppins-Regular.ttf in Resources */ = {isa = PBXBuildFile; fileRef = 6E04FA2829D222C200503E75 /* Poppins-Regular.ttf */; };
		6E04FA3B29D222C200503E75 /* Poppins-ExtraLight.ttf in Resources */ = {isa = PBXBuildFile; fileRef = 6E04FA2929D222C200503E75 /* Poppins-ExtraLight.ttf */; };
		6E04FA3C29D222C200503E75 /* Poppins-LightItalic.ttf in Resources */ = {isa = PBXBuildFile; fileRef = 6E04FA2A29D222C200503E75 /* Poppins-LightItalic.ttf */; };
		6E04FA3D29D222C200503E75 /* Poppins-ExtraBold.ttf in Resources */ = {isa = PBXBuildFile; fileRef = 6E04FA2B29D222C200503E75 /* Poppins-ExtraBold.ttf */; };
		6E04FA3E29D222C200503E75 /* Poppins-BlackItalic.ttf in Resources */ = {isa = PBXBuildFile; fileRef = 6E04FA2C29D222C200503E75 /* Poppins-BlackItalic.ttf */; };
		6E04FA4529D43DC000503E75 /* DMSans-BoldItalic.ttf in Resources */ = {isa = PBXBuildFile; fileRef = 6E04FA3F29D43DBF00503E75 /* DMSans-BoldItalic.ttf */; };
		6E04FA4629D43DC000503E75 /* DMSans-Medium.ttf in Resources */ = {isa = PBXBuildFile; fileRef = 6E04FA4029D43DC000503E75 /* DMSans-Medium.ttf */; };
		6E04FA4729D43DC000503E75 /* DMSans-Bold.ttf in Resources */ = {isa = PBXBuildFile; fileRef = 6E04FA4129D43DC000503E75 /* DMSans-Bold.ttf */; };
		6E04FA4829D43DC000503E75 /* DMSans-MediumItalic.ttf in Resources */ = {isa = PBXBuildFile; fileRef = 6E04FA4229D43DC000503E75 /* DMSans-MediumItalic.ttf */; };
		6E04FA4929D43DC000503E75 /* DMSans-Regular.ttf in Resources */ = {isa = PBXBuildFile; fileRef = 6E04FA4329D43DC000503E75 /* DMSans-Regular.ttf */; };
		6E04FA4A29D43DC000503E75 /* DMSans-Italic.ttf in Resources */ = {isa = PBXBuildFile; fileRef = 6E04FA4429D43DC000503E75 /* DMSans-Italic.ttf */; };
		6E04FA4C29D459E500503E75 /* Extensions.swift in Sources */ = {isa = PBXBuildFile; fileRef = 6E04FA4B29D459E500503E75 /* Extensions.swift */; };
		6E04FA4E29D4622500503E75 /* OnboardingViewController.swift in Sources */ = {isa = PBXBuildFile; fileRef = 6E04FA4D29D4622500503E75 /* OnboardingViewController.swift */; };
		6E04FA5029D4627D00503E75 /* SignupViewController.swift in Sources */ = {isa = PBXBuildFile; fileRef = 6E04FA4F29D4627D00503E75 /* SignupViewController.swift */; };
		6E3BE19229E497460060199C /* DOBPickerViewController.swift in Sources */ = {isa = PBXBuildFile; fileRef = 6E3BE19129E497460060199C /* DOBPickerViewController.swift */; };
		6E3BE19429E5DC0D0060199C /* ProfilePictureViewController.swift in Sources */ = {isa = PBXBuildFile; fileRef = 6E3BE19329E5DC0D0060199C /* ProfilePictureViewController.swift */; };
		6E3BE19629E5DC2E0060199C /* SignInViewController.swift in Sources */ = {isa = PBXBuildFile; fileRef = 6E3BE19529E5DC2E0060199C /* SignInViewController.swift */; };
		6E3BE19829E5DCF30060199C /* ForgetPasswordViewController.swift in Sources */ = {isa = PBXBuildFile; fileRef = 6E3BE19729E5DCF30060199C /* ForgetPasswordViewController.swift */; };
		6E3BE19A29E5DD010060199C /* RecoveryOTPViewController.swift in Sources */ = {isa = PBXBuildFile; fileRef = 6E3BE19929E5DD010060199C /* RecoveryOTPViewController.swift */; };
		6E3BE19C29E5DD0E0060199C /* SignUpOTPViewController.swift in Sources */ = {isa = PBXBuildFile; fileRef = 6E3BE19B29E5DD0E0060199C /* SignUpOTPViewController.swift */; };
		6E3BE19E29E5DD720060199C /* PhoneNumberSignInViewController.swift in Sources */ = {isa = PBXBuildFile; fileRef = 6E3BE19D29E5DD720060199C /* PhoneNumberSignInViewController.swift */; };
		6E44C0AC2A7AECE400AE8385 /* ProductDetailCollectionViewCell.swift in Sources */ = {isa = PBXBuildFile; fileRef = 6E44C0AA2A7AECE400AE8385 /* ProductDetailCollectionViewCell.swift */; };
		6E44C0AD2A7AECE400AE8385 /* ProductDetailCollectionViewCell.xib in Resources */ = {isa = PBXBuildFile; fileRef = 6E44C0AB2A7AECE400AE8385 /* ProductDetailCollectionViewCell.xib */; };
		6E44C0AF2A7AF28F00AE8385 /* CustomCollectionView.swift in Sources */ = {isa = PBXBuildFile; fileRef = 6E44C0AE2A7AF28F00AE8385 /* CustomCollectionView.swift */; };
		6E56623B2A8916D400141178 /* ChatMessageViewController.swift in Sources */ = {isa = PBXBuildFile; fileRef = 6E56623A2A8916D400141178 /* ChatMessageViewController.swift */; };
		6E56623D2A8A3A1D00141178 /* StoreLandingViewController.swift in Sources */ = {isa = PBXBuildFile; fileRef = 6E56623C2A8A3A1D00141178 /* StoreLandingViewController.swift */; };
		6E56623F2A8A528400141178 /* ScrollDirectionDelegate.swift in Sources */ = {isa = PBXBuildFile; fileRef = 6E56623E2A8A528400141178 /* ScrollDirectionDelegate.swift */; };
		6E5662412A8D646F00141178 /* PageChangeDelegate.swift in Sources */ = {isa = PBXBuildFile; fileRef = 6E5662402A8D646E00141178 /* PageChangeDelegate.swift */; };
		6E5662432A8D7DFC00141178 /* SendPaymentViewController.swift in Sources */ = {isa = PBXBuildFile; fileRef = 6E5662422A8D7DFC00141178 /* SendPaymentViewController.swift */; };
		6E5662452A8D885C00141178 /* CreateChatOptionsViewController.swift in Sources */ = {isa = PBXBuildFile; fileRef = 6E5662442A8D885C00141178 /* CreateChatOptionsViewController.swift */; };
		6E56B7F72AA625B10068D63F /* CustomTableView.swift in Sources */ = {isa = PBXBuildFile; fileRef = 6E56B7F62AA625B10068D63F /* CustomTableView.swift */; };
		6E6597872A2FC36A004ADE35 /* ProductPreviewViewController.swift in Sources */ = {isa = PBXBuildFile; fileRef = 6E6597862A2FC36A004ADE35 /* ProductPreviewViewController.swift */; };
		6E7C0F9C2A35B398002186E2 /* ChatViewController.swift in Sources */ = {isa = PBXBuildFile; fileRef = 6E7C0F9B2A35B398002186E2 /* ChatViewController.swift */; };
		6E7C0F9F2A35B786002186E2 /* ChatListTableViewCell.swift in Sources */ = {isa = PBXBuildFile; fileRef = 6E7C0F9D2A35B786002186E2 /* ChatListTableViewCell.swift */; };
		6E7C0FA02A35B786002186E2 /* ChatListTableViewCell.xib in Resources */ = {isa = PBXBuildFile; fileRef = 6E7C0F9E2A35B786002186E2 /* ChatListTableViewCell.xib */; };
		6E7E2B642AA92C41001A7E47 /* PaymentDetailsViewController.swift in Sources */ = {isa = PBXBuildFile; fileRef = 6E7E2B632AA92C41001A7E47 /* PaymentDetailsViewController.swift */; };
		6E7F00AC2A0B187500D30F7C /* StoreLanding.storyboard in Resources */ = {isa = PBXBuildFile; fileRef = 6E7F00AB2A0B187500D30F7C /* StoreLanding.storyboard */; };
		6E82A37C2A880A57000447AB /* QuickPayUserCollectionViewCell.swift in Sources */ = {isa = PBXBuildFile; fileRef = 6E82A37A2A880A57000447AB /* QuickPayUserCollectionViewCell.swift */; };
		6E82A37D2A880A57000447AB /* QuickPayUserCollectionViewCell.xib in Resources */ = {isa = PBXBuildFile; fileRef = 6E82A37B2A880A57000447AB /* QuickPayUserCollectionViewCell.xib */; };
		6E82A37F2A8818DA000447AB /* UserChatViewController.swift in Sources */ = {isa = PBXBuildFile; fileRef = 6E82A37E2A8818DA000447AB /* UserChatViewController.swift */; };
		6E82A3822A889ABB000447AB /* ChatMessageTableViewCell.swift in Sources */ = {isa = PBXBuildFile; fileRef = 6E82A3802A889ABB000447AB /* ChatMessageTableViewCell.swift */; };
		6E82A3832A889ABB000447AB /* ChatMessageTableViewCell.xib in Resources */ = {isa = PBXBuildFile; fileRef = 6E82A3812A889ABB000447AB /* ChatMessageTableViewCell.xib */; };
		6E82A3852A88C661000447AB /* StoreMainPageViewController.swift in Sources */ = {isa = PBXBuildFile; fileRef = 6E82A3842A88C661000447AB /* StoreMainPageViewController.swift */; };
		6E82A3882A890AE9000447AB /* TextChatTableViewCell.swift in Sources */ = {isa = PBXBuildFile; fileRef = 6E82A3862A890AE9000447AB /* TextChatTableViewCell.swift */; };
		6E82A3892A890AE9000447AB /* TextChatTableViewCell.xib in Resources */ = {isa = PBXBuildFile; fileRef = 6E82A3872A890AE9000447AB /* TextChatTableViewCell.xib */; };
		6E97F29D2AA8D4B9005CD937 /* TransferConfirmationViewController.swift in Sources */ = {isa = PBXBuildFile; fileRef = 6E97F29C2AA8D4B9005CD937 /* TransferConfirmationViewController.swift */; };
		6E9B79292A2CF0ED00B6559C /* SizeTileFilterCollectionViewCell.swift in Sources */ = {isa = PBXBuildFile; fileRef = 6E9B79272A2CF0ED00B6559C /* SizeTileFilterCollectionViewCell.swift */; };
		6E9B792A2A2CF0ED00B6559C /* SizeTileFilterCollectionViewCell.xib in Resources */ = {isa = PBXBuildFile; fileRef = 6E9B79282A2CF0ED00B6559C /* SizeTileFilterCollectionViewCell.xib */; };
		6E9B792E2A2CF61100B6559C /* SizeTileFilterViewController.swift in Sources */ = {isa = PBXBuildFile; fileRef = 6E9B792D2A2CF61100B6559C /* SizeTileFilterViewController.swift */; };
		6E9B79302A2D0BB600B6559C /* FilterItemDTO.swift in Sources */ = {isa = PBXBuildFile; fileRef = 6E9B792F2A2D0BB600B6559C /* FilterItemDTO.swift */; };
		6E9B79322A2D135F00B6559C /* FIlterMainViewController.swift in Sources */ = {isa = PBXBuildFile; fileRef = 6E9B79312A2D135F00B6559C /* FIlterMainViewController.swift */; };
		6E9B79342A2D137100B6559C /* CategoryFilterViewController.swift in Sources */ = {isa = PBXBuildFile; fileRef = 6E9B79332A2D137100B6559C /* CategoryFilterViewController.swift */; };
		6E9B79362A2D138B00B6559C /* PantsSizeViewController.swift in Sources */ = {isa = PBXBuildFile; fileRef = 6E9B79352A2D138B00B6559C /* PantsSizeViewController.swift */; };
		6E9B79382A2D3CD600B6559C /* ListingDetailPageViewController.swift in Sources */ = {isa = PBXBuildFile; fileRef = 6E9B79372A2D3CD600B6559C /* ListingDetailPageViewController.swift */; };
		6EBDD6312A10FFD000AECD19 /* ListingPageProductDTO.swift in Sources */ = {isa = PBXBuildFile; fileRef = 6EBDD6302A10FFD000AECD19 /* ListingPageProductDTO.swift */; };
		6EBDD6332A11018900AECD19 /* Enums.swift in Sources */ = {isa = PBXBuildFile; fileRef = 6EBDD6322A11018900AECD19 /* Enums.swift */; };
		6ECE0C652A641016007958D4 /* CustomBlurViewEffect.swift in Sources */ = {isa = PBXBuildFile; fileRef = 6ECE0C642A641016007958D4 /* CustomBlurViewEffect.swift */; };
		6ECE0C672A649184007958D4 /* Assets.xcassets in Resources */ = {isa = PBXBuildFile; fileRef = 6ECE0C662A649184007958D4 /* Assets.xcassets */; };
		6EDBB63A29D6C6FE00DA91C1 /* PhoneNumberViewController.swift in Sources */ = {isa = PBXBuildFile; fileRef = 6EDBB63929D6C6FE00DA91C1 /* PhoneNumberViewController.swift */; };
		6EDF39E32A2E8B6B00DF04C0 /* PreviewViewController.swift in Sources */ = {isa = PBXBuildFile; fileRef = 6EDF39E22A2E8B6B00DF04C0 /* PreviewViewController.swift */; };
		6EEE55F82A9B9725002A5506 /* SweyCart.storyboard in Resources */ = {isa = PBXBuildFile; fileRef = 6EEE55F72A9B9725002A5506 /* SweyCart.storyboard */; };
		6EEE55FB2A9E79B8002A5506 /* CartViewController.swift in Sources */ = {isa = PBXBuildFile; fileRef = 6EEE55FA2A9E79B8002A5506 /* CartViewController.swift */; };
		6EEE55FF2A9E7D5A002A5506 /* CartTableViewCell.swift in Sources */ = {isa = PBXBuildFile; fileRef = 6EEE55FD2A9E7D5A002A5506 /* CartTableViewCell.swift */; };
		6EEE56002A9E7D5A002A5506 /* CartTableViewCell.xib in Resources */ = {isa = PBXBuildFile; fileRef = 6EEE55FE2A9E7D5A002A5506 /* CartTableViewCell.xib */; };
		6EEE661A2AB2598D0020063A /* SettingsAccountActionButtonTableViewCell.swift in Sources */ = {isa = PBXBuildFile; fileRef = 6EEE66182AB2598D0020063A /* SettingsAccountActionButtonTableViewCell.swift */; };
		6EEE661B2AB2598D0020063A /* SettingsAccountActionButtonTableViewCell.xib in Resources */ = {isa = PBXBuildFile; fileRef = 6EEE66192AB2598D0020063A /* SettingsAccountActionButtonTableViewCell.xib */; };
		6EEE661E2AB25A900020063A /* SettingsAppVersionTableViewCell.swift in Sources */ = {isa = PBXBuildFile; fileRef = 6EEE661C2AB25A900020063A /* SettingsAppVersionTableViewCell.swift */; };
		6EEE661F2AB25A900020063A /* SettingsAppVersionTableViewCell.xib in Resources */ = {isa = PBXBuildFile; fileRef = 6EEE661D2AB25A900020063A /* SettingsAppVersionTableViewCell.xib */; };
		6EEE66222AB25F560020063A /* ProfileDetailsViewController.swift in Sources */ = {isa = PBXBuildFile; fileRef = 6EEE66212AB25F560020063A /* ProfileDetailsViewController.swift */; };
		6EEE66242AB3A1230020063A /* ProfileViewController.swift in Sources */ = {isa = PBXBuildFile; fileRef = 6EEE66232AB3A1230020063A /* ProfileViewController.swift */; };
		6EEE66262AB3B87A0020063A /* SettingsViewController.swift in Sources */ = {isa = PBXBuildFile; fileRef = 6EEE66252AB3B87A0020063A /* SettingsViewController.swift */; };
		6EEEE5D02A103045007723F0 /* ListingPageViewController.swift in Sources */ = {isa = PBXBuildFile; fileRef = 6EEEE5CF2A103045007723F0 /* ListingPageViewController.swift */; };
		6EEEE5DF2A10DA14007723F0 /* ProductImageCollectionViewCell.swift in Sources */ = {isa = PBXBuildFile; fileRef = 6EEEE5DD2A10DA14007723F0 /* ProductImageCollectionViewCell.swift */; };
		6EEEE5E02A10DA14007723F0 /* ProductImageCollectionViewCell.xib in Resources */ = {isa = PBXBuildFile; fileRef = 6EEEE5DE2A10DA14007723F0 /* ProductImageCollectionViewCell.xib */; };
		6EFFE01F2AADCE8E00E39501 /* Profile.storyboard in Resources */ = {isa = PBXBuildFile; fileRef = 6EFFE01E2AADCE8E00E39501 /* Profile.storyboard */; };
		6EFFE0252AAE01DA00E39501 /* SettingsTableViewCell.swift in Sources */ = {isa = PBXBuildFile; fileRef = 6EFFE0232AAE01DA00E39501 /* SettingsTableViewCell.swift */; };
		6EFFE0262AAE01DA00E39501 /* SettingsTableViewCell.xib in Resources */ = {isa = PBXBuildFile; fileRef = 6EFFE0242AAE01DA00E39501 /* SettingsTableViewCell.xib */; };
/* End PBXBuildFile section */

/* Begin PBXFileReference section */
		6E04F9FF29D212BE00503E75 /* Swey.app */ = {isa = PBXFileReference; explicitFileType = wrapper.application; includeInIndex = 0; path = Swey.app; sourceTree = BUILT_PRODUCTS_DIR; };
		6E04FA0229D212BE00503E75 /* AppDelegate.swift */ = {isa = PBXFileReference; lastKnownFileType = sourcecode.swift; path = AppDelegate.swift; sourceTree = "<group>"; };
		6E04FA0429D212BE00503E75 /* SceneDelegate.swift */ = {isa = PBXFileReference; lastKnownFileType = sourcecode.swift; path = SceneDelegate.swift; sourceTree = "<group>"; };
		6E04FA0929D212BE00503E75 /* Base */ = {isa = PBXFileReference; lastKnownFileType = file.storyboard; name = Base; path = Base.lproj/Main.storyboard; sourceTree = "<group>"; };
		6E04FA0E29D212C100503E75 /* Base */ = {isa = PBXFileReference; lastKnownFileType = file.storyboard; name = Base; path = Base.lproj/LaunchScreen.storyboard; sourceTree = "<group>"; };
		6E04FA1029D212C100503E75 /* Info.plist */ = {isa = PBXFileReference; lastKnownFileType = text.plist.xml; path = Info.plist; sourceTree = "<group>"; };
		6E04FA1829D2179300503E75 /* Onboarding.storyboard */ = {isa = PBXFileReference; lastKnownFileType = file.storyboard; path = Onboarding.storyboard; sourceTree = "<group>"; };
		6E04FA1B29D222C100503E75 /* Poppins-ExtraBoldItalic.ttf */ = {isa = PBXFileReference; lastKnownFileType = file; path = "Poppins-ExtraBoldItalic.ttf"; sourceTree = "<group>"; };
		6E04FA1C29D222C100503E75 /* Poppins-Light.ttf */ = {isa = PBXFileReference; lastKnownFileType = file; path = "Poppins-Light.ttf"; sourceTree = "<group>"; };
		6E04FA1D29D222C100503E75 /* Poppins-BoldItalic.ttf */ = {isa = PBXFileReference; lastKnownFileType = file; path = "Poppins-BoldItalic.ttf"; sourceTree = "<group>"; };
		6E04FA1E29D222C100503E75 /* Poppins-ThinItalic.ttf */ = {isa = PBXFileReference; lastKnownFileType = file; path = "Poppins-ThinItalic.ttf"; sourceTree = "<group>"; };
		6E04FA1F29D222C100503E75 /* Poppins-Bold.ttf */ = {isa = PBXFileReference; lastKnownFileType = file; path = "Poppins-Bold.ttf"; sourceTree = "<group>"; };
		6E04FA2029D222C100503E75 /* Poppins-SemiBold.ttf */ = {isa = PBXFileReference; lastKnownFileType = file; path = "Poppins-SemiBold.ttf"; sourceTree = "<group>"; };
		6E04FA2129D222C100503E75 /* Poppins-Italic.ttf */ = {isa = PBXFileReference; lastKnownFileType = file; path = "Poppins-Italic.ttf"; sourceTree = "<group>"; };
		6E04FA2229D222C100503E75 /* Poppins-MediumItalic.ttf */ = {isa = PBXFileReference; lastKnownFileType = file; path = "Poppins-MediumItalic.ttf"; sourceTree = "<group>"; };
		6E04FA2329D222C100503E75 /* Poppins-SemiBoldItalic.ttf */ = {isa = PBXFileReference; lastKnownFileType = file; path = "Poppins-SemiBoldItalic.ttf"; sourceTree = "<group>"; };
		6E04FA2429D222C200503E75 /* Poppins-Medium.ttf */ = {isa = PBXFileReference; lastKnownFileType = file; path = "Poppins-Medium.ttf"; sourceTree = "<group>"; };
		6E04FA2529D222C200503E75 /* Poppins-Thin.ttf */ = {isa = PBXFileReference; lastKnownFileType = file; path = "Poppins-Thin.ttf"; sourceTree = "<group>"; };
		6E04FA2629D222C200503E75 /* Poppins-ExtraLightItalic.ttf */ = {isa = PBXFileReference; lastKnownFileType = file; path = "Poppins-ExtraLightItalic.ttf"; sourceTree = "<group>"; };
		6E04FA2729D222C200503E75 /* Poppins-Black.ttf */ = {isa = PBXFileReference; lastKnownFileType = file; path = "Poppins-Black.ttf"; sourceTree = "<group>"; };
		6E04FA2829D222C200503E75 /* Poppins-Regular.ttf */ = {isa = PBXFileReference; lastKnownFileType = file; path = "Poppins-Regular.ttf"; sourceTree = "<group>"; };
		6E04FA2929D222C200503E75 /* Poppins-ExtraLight.ttf */ = {isa = PBXFileReference; lastKnownFileType = file; path = "Poppins-ExtraLight.ttf"; sourceTree = "<group>"; };
		6E04FA2A29D222C200503E75 /* Poppins-LightItalic.ttf */ = {isa = PBXFileReference; lastKnownFileType = file; path = "Poppins-LightItalic.ttf"; sourceTree = "<group>"; };
		6E04FA2B29D222C200503E75 /* Poppins-ExtraBold.ttf */ = {isa = PBXFileReference; lastKnownFileType = file; path = "Poppins-ExtraBold.ttf"; sourceTree = "<group>"; };
		6E04FA2C29D222C200503E75 /* Poppins-BlackItalic.ttf */ = {isa = PBXFileReference; lastKnownFileType = file; path = "Poppins-BlackItalic.ttf"; sourceTree = "<group>"; };
		6E04FA3F29D43DBF00503E75 /* DMSans-BoldItalic.ttf */ = {isa = PBXFileReference; lastKnownFileType = file; path = "DMSans-BoldItalic.ttf"; sourceTree = "<group>"; };
		6E04FA4029D43DC000503E75 /* DMSans-Medium.ttf */ = {isa = PBXFileReference; lastKnownFileType = file; path = "DMSans-Medium.ttf"; sourceTree = "<group>"; };
		6E04FA4129D43DC000503E75 /* DMSans-Bold.ttf */ = {isa = PBXFileReference; lastKnownFileType = file; path = "DMSans-Bold.ttf"; sourceTree = "<group>"; };
		6E04FA4229D43DC000503E75 /* DMSans-MediumItalic.ttf */ = {isa = PBXFileReference; lastKnownFileType = file; path = "DMSans-MediumItalic.ttf"; sourceTree = "<group>"; };
		6E04FA4329D43DC000503E75 /* DMSans-Regular.ttf */ = {isa = PBXFileReference; lastKnownFileType = file; path = "DMSans-Regular.ttf"; sourceTree = "<group>"; };
		6E04FA4429D43DC000503E75 /* DMSans-Italic.ttf */ = {isa = PBXFileReference; lastKnownFileType = file; path = "DMSans-Italic.ttf"; sourceTree = "<group>"; };
		6E04FA4B29D459E500503E75 /* Extensions.swift */ = {isa = PBXFileReference; lastKnownFileType = sourcecode.swift; path = Extensions.swift; sourceTree = "<group>"; };
		6E04FA4D29D4622500503E75 /* OnboardingViewController.swift */ = {isa = PBXFileReference; lastKnownFileType = sourcecode.swift; path = OnboardingViewController.swift; sourceTree = "<group>"; };
		6E04FA4F29D4627D00503E75 /* SignupViewController.swift */ = {isa = PBXFileReference; lastKnownFileType = sourcecode.swift; path = SignupViewController.swift; sourceTree = "<group>"; };
		6E3BE19129E497460060199C /* DOBPickerViewController.swift */ = {isa = PBXFileReference; lastKnownFileType = sourcecode.swift; path = DOBPickerViewController.swift; sourceTree = "<group>"; };
		6E3BE19329E5DC0D0060199C /* ProfilePictureViewController.swift */ = {isa = PBXFileReference; lastKnownFileType = sourcecode.swift; path = ProfilePictureViewController.swift; sourceTree = "<group>"; };
		6E3BE19529E5DC2E0060199C /* SignInViewController.swift */ = {isa = PBXFileReference; lastKnownFileType = sourcecode.swift; path = SignInViewController.swift; sourceTree = "<group>"; };
		6E3BE19729E5DCF30060199C /* ForgetPasswordViewController.swift */ = {isa = PBXFileReference; lastKnownFileType = sourcecode.swift; path = ForgetPasswordViewController.swift; sourceTree = "<group>"; };
		6E3BE19929E5DD010060199C /* RecoveryOTPViewController.swift */ = {isa = PBXFileReference; lastKnownFileType = sourcecode.swift; path = RecoveryOTPViewController.swift; sourceTree = "<group>"; };
		6E3BE19B29E5DD0E0060199C /* SignUpOTPViewController.swift */ = {isa = PBXFileReference; lastKnownFileType = sourcecode.swift; path = SignUpOTPViewController.swift; sourceTree = "<group>"; };
		6E3BE19D29E5DD720060199C /* PhoneNumberSignInViewController.swift */ = {isa = PBXFileReference; lastKnownFileType = sourcecode.swift; path = PhoneNumberSignInViewController.swift; sourceTree = "<group>"; };
		6E44C0AA2A7AECE400AE8385 /* ProductDetailCollectionViewCell.swift */ = {isa = PBXFileReference; lastKnownFileType = sourcecode.swift; path = ProductDetailCollectionViewCell.swift; sourceTree = "<group>"; };
		6E44C0AB2A7AECE400AE8385 /* ProductDetailCollectionViewCell.xib */ = {isa = PBXFileReference; lastKnownFileType = file.xib; path = ProductDetailCollectionViewCell.xib; sourceTree = "<group>"; };
		6E44C0AE2A7AF28F00AE8385 /* CustomCollectionView.swift */ = {isa = PBXFileReference; lastKnownFileType = sourcecode.swift; path = CustomCollectionView.swift; sourceTree = "<group>"; };
		6E56623A2A8916D400141178 /* ChatMessageViewController.swift */ = {isa = PBXFileReference; lastKnownFileType = sourcecode.swift; path = ChatMessageViewController.swift; sourceTree = "<group>"; };
		6E56623C2A8A3A1D00141178 /* StoreLandingViewController.swift */ = {isa = PBXFileReference; lastKnownFileType = sourcecode.swift; path = StoreLandingViewController.swift; sourceTree = "<group>"; };
		6E56623E2A8A528400141178 /* ScrollDirectionDelegate.swift */ = {isa = PBXFileReference; lastKnownFileType = sourcecode.swift; path = ScrollDirectionDelegate.swift; sourceTree = "<group>"; };
		6E5662402A8D646E00141178 /* PageChangeDelegate.swift */ = {isa = PBXFileReference; lastKnownFileType = sourcecode.swift; path = PageChangeDelegate.swift; sourceTree = "<group>"; };
		6E5662422A8D7DFC00141178 /* SendPaymentViewController.swift */ = {isa = PBXFileReference; lastKnownFileType = sourcecode.swift; path = SendPaymentViewController.swift; sourceTree = "<group>"; };
		6E5662442A8D885C00141178 /* CreateChatOptionsViewController.swift */ = {isa = PBXFileReference; lastKnownFileType = sourcecode.swift; path = CreateChatOptionsViewController.swift; sourceTree = "<group>"; };
		6E56B7F62AA625B10068D63F /* CustomTableView.swift */ = {isa = PBXFileReference; lastKnownFileType = sourcecode.swift; path = CustomTableView.swift; sourceTree = "<group>"; };
		6E6597862A2FC36A004ADE35 /* ProductPreviewViewController.swift */ = {isa = PBXFileReference; lastKnownFileType = sourcecode.swift; path = ProductPreviewViewController.swift; sourceTree = "<group>"; };
		6E7C0F9B2A35B398002186E2 /* ChatViewController.swift */ = {isa = PBXFileReference; lastKnownFileType = sourcecode.swift; path = ChatViewController.swift; sourceTree = "<group>"; };
		6E7C0F9D2A35B786002186E2 /* ChatListTableViewCell.swift */ = {isa = PBXFileReference; lastKnownFileType = sourcecode.swift; path = ChatListTableViewCell.swift; sourceTree = "<group>"; };
		6E7C0F9E2A35B786002186E2 /* ChatListTableViewCell.xib */ = {isa = PBXFileReference; lastKnownFileType = file.xib; path = ChatListTableViewCell.xib; sourceTree = "<group>"; };
		6E7E2B632AA92C41001A7E47 /* PaymentDetailsViewController.swift */ = {isa = PBXFileReference; lastKnownFileType = sourcecode.swift; path = PaymentDetailsViewController.swift; sourceTree = "<group>"; };
		6E7F00AB2A0B187500D30F7C /* StoreLanding.storyboard */ = {isa = PBXFileReference; lastKnownFileType = file.storyboard; path = StoreLanding.storyboard; sourceTree = "<group>"; };
		6E82A37A2A880A57000447AB /* QuickPayUserCollectionViewCell.swift */ = {isa = PBXFileReference; lastKnownFileType = sourcecode.swift; path = QuickPayUserCollectionViewCell.swift; sourceTree = "<group>"; };
		6E82A37B2A880A57000447AB /* QuickPayUserCollectionViewCell.xib */ = {isa = PBXFileReference; lastKnownFileType = file.xib; path = QuickPayUserCollectionViewCell.xib; sourceTree = "<group>"; };
		6E82A37E2A8818DA000447AB /* UserChatViewController.swift */ = {isa = PBXFileReference; lastKnownFileType = sourcecode.swift; path = UserChatViewController.swift; sourceTree = "<group>"; };
		6E82A3802A889ABB000447AB /* ChatMessageTableViewCell.swift */ = {isa = PBXFileReference; lastKnownFileType = sourcecode.swift; path = ChatMessageTableViewCell.swift; sourceTree = "<group>"; };
		6E82A3812A889ABB000447AB /* ChatMessageTableViewCell.xib */ = {isa = PBXFileReference; lastKnownFileType = file.xib; path = ChatMessageTableViewCell.xib; sourceTree = "<group>"; };
		6E82A3842A88C661000447AB /* StoreMainPageViewController.swift */ = {isa = PBXFileReference; lastKnownFileType = sourcecode.swift; path = StoreMainPageViewController.swift; sourceTree = "<group>"; };
		6E82A3862A890AE9000447AB /* TextChatTableViewCell.swift */ = {isa = PBXFileReference; lastKnownFileType = sourcecode.swift; path = TextChatTableViewCell.swift; sourceTree = "<group>"; };
		6E82A3872A890AE9000447AB /* TextChatTableViewCell.xib */ = {isa = PBXFileReference; lastKnownFileType = file.xib; path = TextChatTableViewCell.xib; sourceTree = "<group>"; };
		6E97F29C2AA8D4B9005CD937 /* TransferConfirmationViewController.swift */ = {isa = PBXFileReference; lastKnownFileType = sourcecode.swift; path = TransferConfirmationViewController.swift; sourceTree = "<group>"; };
		6E9B79272A2CF0ED00B6559C /* SizeTileFilterCollectionViewCell.swift */ = {isa = PBXFileReference; lastKnownFileType = sourcecode.swift; path = SizeTileFilterCollectionViewCell.swift; sourceTree = "<group>"; };
		6E9B79282A2CF0ED00B6559C /* SizeTileFilterCollectionViewCell.xib */ = {isa = PBXFileReference; lastKnownFileType = file.xib; path = SizeTileFilterCollectionViewCell.xib; sourceTree = "<group>"; };
		6E9B792D2A2CF61100B6559C /* SizeTileFilterViewController.swift */ = {isa = PBXFileReference; lastKnownFileType = sourcecode.swift; path = SizeTileFilterViewController.swift; sourceTree = "<group>"; };
		6E9B792F2A2D0BB600B6559C /* FilterItemDTO.swift */ = {isa = PBXFileReference; lastKnownFileType = sourcecode.swift; path = FilterItemDTO.swift; sourceTree = "<group>"; };
		6E9B79312A2D135F00B6559C /* FIlterMainViewController.swift */ = {isa = PBXFileReference; lastKnownFileType = sourcecode.swift; path = FIlterMainViewController.swift; sourceTree = "<group>"; };
		6E9B79332A2D137100B6559C /* CategoryFilterViewController.swift */ = {isa = PBXFileReference; lastKnownFileType = sourcecode.swift; path = CategoryFilterViewController.swift; sourceTree = "<group>"; };
		6E9B79352A2D138B00B6559C /* PantsSizeViewController.swift */ = {isa = PBXFileReference; lastKnownFileType = sourcecode.swift; path = PantsSizeViewController.swift; sourceTree = "<group>"; };
		6E9B79372A2D3CD600B6559C /* ListingDetailPageViewController.swift */ = {isa = PBXFileReference; lastKnownFileType = sourcecode.swift; path = ListingDetailPageViewController.swift; sourceTree = "<group>"; };
		6EBDD6302A10FFD000AECD19 /* ListingPageProductDTO.swift */ = {isa = PBXFileReference; lastKnownFileType = sourcecode.swift; path = ListingPageProductDTO.swift; sourceTree = "<group>"; };
		6EBDD6322A11018900AECD19 /* Enums.swift */ = {isa = PBXFileReference; lastKnownFileType = sourcecode.swift; path = Enums.swift; sourceTree = "<group>"; };
		6ECE0C642A641016007958D4 /* CustomBlurViewEffect.swift */ = {isa = PBXFileReference; lastKnownFileType = sourcecode.swift; path = CustomBlurViewEffect.swift; sourceTree = "<group>"; };
		6ECE0C662A649184007958D4 /* Assets.xcassets */ = {isa = PBXFileReference; lastKnownFileType = folder.assetcatalog; path = Assets.xcassets; sourceTree = "<group>"; };
		6EDBB63929D6C6FE00DA91C1 /* PhoneNumberViewController.swift */ = {isa = PBXFileReference; lastKnownFileType = sourcecode.swift; path = PhoneNumberViewController.swift; sourceTree = "<group>"; };
		6EDF39E22A2E8B6B00DF04C0 /* PreviewViewController.swift */ = {isa = PBXFileReference; lastKnownFileType = sourcecode.swift; path = PreviewViewController.swift; sourceTree = "<group>"; };
		6EEE55F72A9B9725002A5506 /* SweyCart.storyboard */ = {isa = PBXFileReference; lastKnownFileType = file.storyboard; path = SweyCart.storyboard; sourceTree = "<group>"; };
		6EEE55FA2A9E79B8002A5506 /* CartViewController.swift */ = {isa = PBXFileReference; lastKnownFileType = sourcecode.swift; path = CartViewController.swift; sourceTree = "<group>"; };
		6EEE55FD2A9E7D5A002A5506 /* CartTableViewCell.swift */ = {isa = PBXFileReference; lastKnownFileType = sourcecode.swift; path = CartTableViewCell.swift; sourceTree = "<group>"; };
		6EEE55FE2A9E7D5A002A5506 /* CartTableViewCell.xib */ = {isa = PBXFileReference; lastKnownFileType = file.xib; path = CartTableViewCell.xib; sourceTree = "<group>"; };
		6EEE66182AB2598D0020063A /* SettingsAccountActionButtonTableViewCell.swift */ = {isa = PBXFileReference; lastKnownFileType = sourcecode.swift; path = SettingsAccountActionButtonTableViewCell.swift; sourceTree = "<group>"; };
		6EEE66192AB2598D0020063A /* SettingsAccountActionButtonTableViewCell.xib */ = {isa = PBXFileReference; lastKnownFileType = file.xib; path = SettingsAccountActionButtonTableViewCell.xib; sourceTree = "<group>"; };
		6EEE661C2AB25A900020063A /* SettingsAppVersionTableViewCell.swift */ = {isa = PBXFileReference; lastKnownFileType = sourcecode.swift; path = SettingsAppVersionTableViewCell.swift; sourceTree = "<group>"; };
		6EEE661D2AB25A900020063A /* SettingsAppVersionTableViewCell.xib */ = {isa = PBXFileReference; lastKnownFileType = file.xib; path = SettingsAppVersionTableViewCell.xib; sourceTree = "<group>"; };
		6EEE66212AB25F560020063A /* ProfileDetailsViewController.swift */ = {isa = PBXFileReference; lastKnownFileType = sourcecode.swift; path = ProfileDetailsViewController.swift; sourceTree = "<group>"; };
		6EEE66232AB3A1230020063A /* ProfileViewController.swift */ = {isa = PBXFileReference; lastKnownFileType = sourcecode.swift; path = ProfileViewController.swift; sourceTree = "<group>"; };
		6EEE66252AB3B87A0020063A /* SettingsViewController.swift */ = {isa = PBXFileReference; lastKnownFileType = sourcecode.swift; path = SettingsViewController.swift; sourceTree = "<group>"; };
		6EEEE5CF2A103045007723F0 /* ListingPageViewController.swift */ = {isa = PBXFileReference; lastKnownFileType = sourcecode.swift; path = ListingPageViewController.swift; sourceTree = "<group>"; };
		6EEEE5DD2A10DA14007723F0 /* ProductImageCollectionViewCell.swift */ = {isa = PBXFileReference; lastKnownFileType = sourcecode.swift; path = ProductImageCollectionViewCell.swift; sourceTree = "<group>"; };
		6EEEE5DE2A10DA14007723F0 /* ProductImageCollectionViewCell.xib */ = {isa = PBXFileReference; lastKnownFileType = file.xib; path = ProductImageCollectionViewCell.xib; sourceTree = "<group>"; };
		6EFFE01E2AADCE8E00E39501 /* Profile.storyboard */ = {isa = PBXFileReference; lastKnownFileType = file.storyboard; path = Profile.storyboard; sourceTree = "<group>"; };
		6EFFE0232AAE01DA00E39501 /* SettingsTableViewCell.swift */ = {isa = PBXFileReference; lastKnownFileType = sourcecode.swift; path = SettingsTableViewCell.swift; sourceTree = "<group>"; };
		6EFFE0242AAE01DA00E39501 /* SettingsTableViewCell.xib */ = {isa = PBXFileReference; lastKnownFileType = file.xib; path = SettingsTableViewCell.xib; sourceTree = "<group>"; };
/* End PBXFileReference section */

/* Begin PBXFrameworksBuildPhase section */
		6E04F9FC29D212BE00503E75 /* Frameworks */ = {
			isa = PBXFrameworksBuildPhase;
			buildActionMask = 2147483647;
			files = (
			);
			runOnlyForDeploymentPostprocessing = 0;
		};
/* End PBXFrameworksBuildPhase section */

/* Begin PBXGroup section */
		6E04F9F629D212BE00503E75 = {
			isa = PBXGroup;
			children = (
				6E04FA0129D212BE00503E75 /* Swéy */,
				6E04FA0029D212BE00503E75 /* Products */,
			);
			sourceTree = "<group>";
		};
		6E04FA0029D212BE00503E75 /* Products */ = {
			isa = PBXGroup;
			children = (
				6E04F9FF29D212BE00503E75 /* Swey.app */,
			);
			name = Products;
			sourceTree = "<group>";
		};
		6E04FA0129D212BE00503E75 /* Swéy */ = {
			isa = PBXGroup;
			children = (
				6ECE0C662A649184007958D4 /* Assets.xcassets */,
				6E04FA0229D212BE00503E75 /* AppDelegate.swift */,
				6E04FA0429D212BE00503E75 /* SceneDelegate.swift */,
				6E04FA4B29D459E500503E75 /* Extensions.swift */,
				6EBDD6322A11018900AECD19 /* Enums.swift */,
				6ECE0C642A641016007958D4 /* CustomBlurViewEffect.swift */,
				6E44C0AE2A7AF28F00AE8385 /* CustomCollectionView.swift */,
				6EBDD62F2A10FF9B00AECD19 /* Models */,
				6E04FA1629D2175B00503E75 /* Onboarding */,
				6E7F00A82A0B182900D30F7C /* StoreLanding */,
				6EEE55F62A9B96FD002A5506 /* SweyCart */,
				6EFFE01D2AADCDFE00E39501 /* Profile */,
				6E04FA0829D212BE00503E75 /* Main.storyboard */,
				6E04FA0D29D212C100503E75 /* LaunchScreen.storyboard */,
				6E04FA1029D212C100503E75 /* Info.plist */,
				6E04FA1A29D2229900503E75 /* Fonts */,
				6E56B7F62AA625B10068D63F /* CustomTableView.swift */,
			);
			path = "Swéy";
			sourceTree = "<group>";
		};
		6E04FA1629D2175B00503E75 /* Onboarding */ = {
			isa = PBXGroup;
			children = (
				6E04FA1729D2177500503E75 /* ViewControllers */,
				6E04FA1829D2179300503E75 /* Onboarding.storyboard */,
			);
			path = Onboarding;
			sourceTree = "<group>";
		};
		6E04FA1729D2177500503E75 /* ViewControllers */ = {
			isa = PBXGroup;
			children = (
				6E04FA4D29D4622500503E75 /* OnboardingViewController.swift */,
				6E04FA4F29D4627D00503E75 /* SignupViewController.swift */,
				6EDBB63929D6C6FE00DA91C1 /* PhoneNumberViewController.swift */,
				6E3BE19129E497460060199C /* DOBPickerViewController.swift */,
				6E3BE19329E5DC0D0060199C /* ProfilePictureViewController.swift */,
				6E3BE19529E5DC2E0060199C /* SignInViewController.swift */,
				6E3BE19729E5DCF30060199C /* ForgetPasswordViewController.swift */,
				6E3BE19929E5DD010060199C /* RecoveryOTPViewController.swift */,
				6E3BE19B29E5DD0E0060199C /* SignUpOTPViewController.swift */,
				6E3BE19D29E5DD720060199C /* PhoneNumberSignInViewController.swift */,
			);
			path = ViewControllers;
			sourceTree = "<group>";
		};
		6E04FA1A29D2229900503E75 /* Fonts */ = {
			isa = PBXGroup;
			children = (
				6E04FA4129D43DC000503E75 /* DMSans-Bold.ttf */,
				6E04FA3F29D43DBF00503E75 /* DMSans-BoldItalic.ttf */,
				6E04FA4429D43DC000503E75 /* DMSans-Italic.ttf */,
				6E04FA4029D43DC000503E75 /* DMSans-Medium.ttf */,
				6E04FA4229D43DC000503E75 /* DMSans-MediumItalic.ttf */,
				6E04FA4329D43DC000503E75 /* DMSans-Regular.ttf */,
				6E04FA2729D222C200503E75 /* Poppins-Black.ttf */,
				6E04FA2C29D222C200503E75 /* Poppins-BlackItalic.ttf */,
				6E04FA1F29D222C100503E75 /* Poppins-Bold.ttf */,
				6E04FA1D29D222C100503E75 /* Poppins-BoldItalic.ttf */,
				6E04FA2B29D222C200503E75 /* Poppins-ExtraBold.ttf */,
				6E04FA1B29D222C100503E75 /* Poppins-ExtraBoldItalic.ttf */,
				6E04FA2929D222C200503E75 /* Poppins-ExtraLight.ttf */,
				6E04FA2629D222C200503E75 /* Poppins-ExtraLightItalic.ttf */,
				6E04FA2129D222C100503E75 /* Poppins-Italic.ttf */,
				6E04FA1C29D222C100503E75 /* Poppins-Light.ttf */,
				6E04FA2A29D222C200503E75 /* Poppins-LightItalic.ttf */,
				6E04FA2429D222C200503E75 /* Poppins-Medium.ttf */,
				6E04FA2229D222C100503E75 /* Poppins-MediumItalic.ttf */,
				6E04FA2829D222C200503E75 /* Poppins-Regular.ttf */,
				6E04FA2029D222C100503E75 /* Poppins-SemiBold.ttf */,
				6E04FA2329D222C100503E75 /* Poppins-SemiBoldItalic.ttf */,
				6E04FA2529D222C200503E75 /* Poppins-Thin.ttf */,
				6E04FA1E29D222C100503E75 /* Poppins-ThinItalic.ttf */,
			);
			path = Fonts;
			sourceTree = "<group>";
		};
		6E7F00A82A0B182900D30F7C /* StoreLanding */ = {
			isa = PBXGroup;
			children = (
				6EEEE5CE2A103014007723F0 /* ViewControllers */,
				6EEEE5CD2A0F5664007723F0 /* Cells */,
				6E7F00AB2A0B187500D30F7C /* StoreLanding.storyboard */,
				6E56623E2A8A528400141178 /* ScrollDirectionDelegate.swift */,
				6E5662402A8D646E00141178 /* PageChangeDelegate.swift */,
			);
			path = StoreLanding;
			sourceTree = "<group>";
		};
		6EBDD62F2A10FF9B00AECD19 /* Models */ = {
			isa = PBXGroup;
			children = (
				6EBDD6302A10FFD000AECD19 /* ListingPageProductDTO.swift */,
				6E9B792F2A2D0BB600B6559C /* FilterItemDTO.swift */,
			);
			path = Models;
			sourceTree = "<group>";
		};
		6EEE55F62A9B96FD002A5506 /* SweyCart */ = {
			isa = PBXGroup;
			children = (
				6EEE55FC2A9E7D06002A5506 /* Cells */,
				6EEE55F92A9E7982002A5506 /* ViewControllers */,
				6EEE55F72A9B9725002A5506 /* SweyCart.storyboard */,
			);
			path = SweyCart;
			sourceTree = "<group>";
		};
		6EEE55F92A9E7982002A5506 /* ViewControllers */ = {
			isa = PBXGroup;
			children = (
				6EEE55FA2A9E79B8002A5506 /* CartViewController.swift */,
				6E97F29C2AA8D4B9005CD937 /* TransferConfirmationViewController.swift */,
				6E7E2B632AA92C41001A7E47 /* PaymentDetailsViewController.swift */,
			);
			path = ViewControllers;
			sourceTree = "<group>";
		};
		6EEE55FC2A9E7D06002A5506 /* Cells */ = {
			isa = PBXGroup;
			children = (
				6EEE55FD2A9E7D5A002A5506 /* CartTableViewCell.swift */,
				6EEE55FE2A9E7D5A002A5506 /* CartTableViewCell.xib */,
			);
			path = Cells;
			sourceTree = "<group>";
		};
		6EEE66202AB25F410020063A /* ViewControllers */ = {
			isa = PBXGroup;
			children = (
				6EEE66212AB25F560020063A /* ProfileDetailsViewController.swift */,
				6EEE66232AB3A1230020063A /* ProfileViewController.swift */,
				6EEE66252AB3B87A0020063A /* SettingsViewController.swift */,
			);
			path = ViewControllers;
			sourceTree = "<group>";
		};
		6EEEE5CD2A0F5664007723F0 /* Cells */ = {
			isa = PBXGroup;
			children = (
				6EEEE5DD2A10DA14007723F0 /* ProductImageCollectionViewCell.swift */,
				6EEEE5DE2A10DA14007723F0 /* ProductImageCollectionViewCell.xib */,
				6E9B79272A2CF0ED00B6559C /* SizeTileFilterCollectionViewCell.swift */,
				6E9B79282A2CF0ED00B6559C /* SizeTileFilterCollectionViewCell.xib */,
				6E7C0F9D2A35B786002186E2 /* ChatListTableViewCell.swift */,
				6E7C0F9E2A35B786002186E2 /* ChatListTableViewCell.xib */,
				6E44C0AA2A7AECE400AE8385 /* ProductDetailCollectionViewCell.swift */,
				6E44C0AB2A7AECE400AE8385 /* ProductDetailCollectionViewCell.xib */,
				6E82A37A2A880A57000447AB /* QuickPayUserCollectionViewCell.swift */,
				6E82A37B2A880A57000447AB /* QuickPayUserCollectionViewCell.xib */,
				6E82A3802A889ABB000447AB /* ChatMessageTableViewCell.swift */,
				6E82A3812A889ABB000447AB /* ChatMessageTableViewCell.xib */,
				6E82A3862A890AE9000447AB /* TextChatTableViewCell.swift */,
				6E82A3872A890AE9000447AB /* TextChatTableViewCell.xib */,
			);
			path = Cells;
			sourceTree = "<group>";
		};
		6EEEE5CE2A103014007723F0 /* ViewControllers */ = {
			isa = PBXGroup;
			children = (
				6EEEE5CF2A103045007723F0 /* ListingPageViewController.swift */,
				6E9B792D2A2CF61100B6559C /* SizeTileFilterViewController.swift */,
				6E9B79312A2D135F00B6559C /* FIlterMainViewController.swift */,
				6E9B79332A2D137100B6559C /* CategoryFilterViewController.swift */,
				6E9B79352A2D138B00B6559C /* PantsSizeViewController.swift */,
				6E9B79372A2D3CD600B6559C /* ListingDetailPageViewController.swift */,
				6EDF39E22A2E8B6B00DF04C0 /* PreviewViewController.swift */,
				6E6597862A2FC36A004ADE35 /* ProductPreviewViewController.swift */,
				6E7C0F9B2A35B398002186E2 /* ChatViewController.swift */,
				6E82A37E2A8818DA000447AB /* UserChatViewController.swift */,
				6E82A3842A88C661000447AB /* StoreMainPageViewController.swift */,
				6E56623A2A8916D400141178 /* ChatMessageViewController.swift */,
				6E56623C2A8A3A1D00141178 /* StoreLandingViewController.swift */,
				6E5662422A8D7DFC00141178 /* SendPaymentViewController.swift */,
				6E5662442A8D885C00141178 /* CreateChatOptionsViewController.swift */,
			);
			path = ViewControllers;
			sourceTree = "<group>";
		};
		6EFFE01D2AADCDFE00E39501 /* Profile */ = {
			isa = PBXGroup;
			children = (
				6EEE66202AB25F410020063A /* ViewControllers */,
				6EFFE0202AAE006600E39501 /* Cells */,
				6EFFE01E2AADCE8E00E39501 /* Profile.storyboard */,
			);
			path = Profile;
			sourceTree = "<group>";
		};
		6EFFE0202AAE006600E39501 /* Cells */ = {
			isa = PBXGroup;
			children = (
				6EFFE0232AAE01DA00E39501 /* SettingsTableViewCell.swift */,
				6EFFE0242AAE01DA00E39501 /* SettingsTableViewCell.xib */,
				6EEE66182AB2598D0020063A /* SettingsAccountActionButtonTableViewCell.swift */,
				6EEE66192AB2598D0020063A /* SettingsAccountActionButtonTableViewCell.xib */,
				6EEE661C2AB25A900020063A /* SettingsAppVersionTableViewCell.swift */,
				6EEE661D2AB25A900020063A /* SettingsAppVersionTableViewCell.xib */,
			);
			path = Cells;
			sourceTree = "<group>";
		};
/* End PBXGroup section */

/* Begin PBXNativeTarget section */
		6E04F9FE29D212BE00503E75 /* Swey */ = {
			isa = PBXNativeTarget;
			buildConfigurationList = 6E04FA1329D212C100503E75 /* Build configuration list for PBXNativeTarget "Swey" */;
			buildPhases = (
				6E04F9FB29D212BE00503E75 /* Sources */,
				6E04F9FC29D212BE00503E75 /* Frameworks */,
				6E04F9FD29D212BE00503E75 /* Resources */,
			);
			buildRules = (
			);
			dependencies = (
			);
			name = Swey;
			productName = "Swéy";
			productReference = 6E04F9FF29D212BE00503E75 /* Swey.app */;
			productType = "com.apple.product-type.application";
		};
/* End PBXNativeTarget section */

/* Begin PBXProject section */
		6E04F9F729D212BE00503E75 /* Project object */ = {
			isa = PBXProject;
			attributes = {
				BuildIndependentTargetsInParallel = 1;
				LastSwiftUpdateCheck = 1420;
				LastUpgradeCheck = 1420;
				TargetAttributes = {
					6E04F9FE29D212BE00503E75 = {
						CreatedOnToolsVersion = 14.2;
					};
				};
			};
			buildConfigurationList = 6E04F9FA29D212BE00503E75 /* Build configuration list for PBXProject "Swéy" */;
			compatibilityVersion = "Xcode 14.0";
			developmentRegion = en;
			hasScannedForEncodings = 0;
			knownRegions = (
				en,
				Base,
			);
			mainGroup = 6E04F9F629D212BE00503E75;
			productRefGroup = 6E04FA0029D212BE00503E75 /* Products */;
			projectDirPath = "";
			projectRoot = "";
			targets = (
				6E04F9FE29D212BE00503E75 /* Swey */,
			);
		};
/* End PBXProject section */

/* Begin PBXResourcesBuildPhase section */
		6E04F9FD29D212BE00503E75 /* Resources */ = {
			isa = PBXResourcesBuildPhase;
			buildActionMask = 2147483647;
			files = (
				6E04FA4529D43DC000503E75 /* DMSans-BoldItalic.ttf in Resources */,
				6E82A3832A889ABB000447AB /* ChatMessageTableViewCell.xib in Resources */,
				6E04FA3829D222C200503E75 /* Poppins-ExtraLightItalic.ttf in Resources */,
				6EEE55F82A9B9725002A5506 /* SweyCart.storyboard in Resources */,
				6E04FA4A29D43DC000503E75 /* DMSans-Italic.ttf in Resources */,
				6E7F00AC2A0B187500D30F7C /* StoreLanding.storyboard in Resources */,
				6E04FA3929D222C200503E75 /* Poppins-Black.ttf in Resources */,
				6E04FA4929D43DC000503E75 /* DMSans-Regular.ttf in Resources */,
				6E04FA0F29D212C100503E75 /* LaunchScreen.storyboard in Resources */,
				6E04FA3A29D222C200503E75 /* Poppins-Regular.ttf in Resources */,
				6EEE661B2AB2598D0020063A /* SettingsAccountActionButtonTableViewCell.xib in Resources */,
				6E04FA3629D222C200503E75 /* Poppins-Medium.ttf in Resources */,
				6E7C0FA02A35B786002186E2 /* ChatListTableViewCell.xib in Resources */,
				6E04FA3429D222C200503E75 /* Poppins-MediumItalic.ttf in Resources */,
				6E9B792A2A2CF0ED00B6559C /* SizeTileFilterCollectionViewCell.xib in Resources */,
				6E04FA3129D222C200503E75 /* Poppins-Bold.ttf in Resources */,
				6E04FA3529D222C200503E75 /* Poppins-SemiBoldItalic.ttf in Resources */,
				6E82A37D2A880A57000447AB /* QuickPayUserCollectionViewCell.xib in Resources */,
				6EEE56002A9E7D5A002A5506 /* CartTableViewCell.xib in Resources */,
				6EFFE01F2AADCE8E00E39501 /* Profile.storyboard in Resources */,
				6E04FA3029D222C200503E75 /* Poppins-ThinItalic.ttf in Resources */,
				6E04FA2E29D222C200503E75 /* Poppins-Light.ttf in Resources */,
				6EEEE5E02A10DA14007723F0 /* ProductImageCollectionViewCell.xib in Resources */,
				6E04FA4829D43DC000503E75 /* DMSans-MediumItalic.ttf in Resources */,
				6E04FA4729D43DC000503E75 /* DMSans-Bold.ttf in Resources */,
				6E04FA3E29D222C200503E75 /* Poppins-BlackItalic.ttf in Resources */,
				6E04FA3D29D222C200503E75 /* Poppins-ExtraBold.ttf in Resources */,
				6E04FA2F29D222C200503E75 /* Poppins-BoldItalic.ttf in Resources */,
				6E04FA3C29D222C200503E75 /* Poppins-LightItalic.ttf in Resources */,
				6E44C0AD2A7AECE400AE8385 /* ProductDetailCollectionViewCell.xib in Resources */,
				6E04FA3229D222C200503E75 /* Poppins-SemiBold.ttf in Resources */,
				6E04FA3729D222C200503E75 /* Poppins-Thin.ttf in Resources */,
				6E04FA4629D43DC000503E75 /* DMSans-Medium.ttf in Resources */,
				6EEE661F2AB25A900020063A /* SettingsAppVersionTableViewCell.xib in Resources */,
				6E04FA3B29D222C200503E75 /* Poppins-ExtraLight.ttf in Resources */,
				6E04FA3329D222C200503E75 /* Poppins-Italic.ttf in Resources */,
				6E04FA0A29D212BE00503E75 /* Main.storyboard in Resources */,
				6E04FA1929D2179300503E75 /* Onboarding.storyboard in Resources */,
				6ECE0C672A649184007958D4 /* Assets.xcassets in Resources */,
				6E82A3892A890AE9000447AB /* TextChatTableViewCell.xib in Resources */,
				6EFFE0262AAE01DA00E39501 /* SettingsTableViewCell.xib in Resources */,
				6E04FA2D29D222C200503E75 /* Poppins-ExtraBoldItalic.ttf in Resources */,
			);
			runOnlyForDeploymentPostprocessing = 0;
		};
/* End PBXResourcesBuildPhase section */

/* Begin PBXSourcesBuildPhase section */
		6E04F9FB29D212BE00503E75 /* Sources */ = {
			isa = PBXSourcesBuildPhase;
			buildActionMask = 2147483647;
			files = (
				6E3BE19829E5DCF30060199C /* ForgetPasswordViewController.swift in Sources */,
				6ECE0C652A641016007958D4 /* CustomBlurViewEffect.swift in Sources */,
				6E9B792E2A2CF61100B6559C /* SizeTileFilterViewController.swift in Sources */,
				6E04FA5029D4627D00503E75 /* SignupViewController.swift in Sources */,
				6EEEE5D02A103045007723F0 /* ListingPageViewController.swift in Sources */,
				6E56B7F72AA625B10068D63F /* CustomTableView.swift in Sources */,
				6E5662452A8D885C00141178 /* CreateChatOptionsViewController.swift in Sources */,
				6E44C0AC2A7AECE400AE8385 /* ProductDetailCollectionViewCell.swift in Sources */,
				6E3BE19E29E5DD720060199C /* PhoneNumberSignInViewController.swift in Sources */,
				6E82A37F2A8818DA000447AB /* UserChatViewController.swift in Sources */,
				6EEE66242AB3A1230020063A /* ProfileViewController.swift in Sources */,
				6E3BE19C29E5DD0E0060199C /* SignUpOTPViewController.swift in Sources */,
				6E82A3822A889ABB000447AB /* ChatMessageTableViewCell.swift in Sources */,
				6E9B79302A2D0BB600B6559C /* FilterItemDTO.swift in Sources */,
				6E3BE19A29E5DD010060199C /* RecoveryOTPViewController.swift in Sources */,
				6E56623D2A8A3A1D00141178 /* StoreLandingViewController.swift in Sources */,
				6E3BE19229E497460060199C /* DOBPickerViewController.swift in Sources */,
				6E97F29D2AA8D4B9005CD937 /* TransferConfirmationViewController.swift in Sources */,
				6E7E2B642AA92C41001A7E47 /* PaymentDetailsViewController.swift in Sources */,
				6EEE55FB2A9E79B8002A5506 /* CartViewController.swift in Sources */,
				6E7C0F9F2A35B786002186E2 /* ChatListTableViewCell.swift in Sources */,
				6E82A37C2A880A57000447AB /* QuickPayUserCollectionViewCell.swift in Sources */,
				6E04FA0329D212BE00503E75 /* AppDelegate.swift in Sources */,
				6E04FA4E29D4622500503E75 /* OnboardingViewController.swift in Sources */,
				6E6597872A2FC36A004ADE35 /* ProductPreviewViewController.swift in Sources */,
				6E9B79292A2CF0ED00B6559C /* SizeTileFilterCollectionViewCell.swift in Sources */,
				6E9B79362A2D138B00B6559C /* PantsSizeViewController.swift in Sources */,
				6EFFE0252AAE01DA00E39501 /* SettingsTableViewCell.swift in Sources */,
				6EEEE5DF2A10DA14007723F0 /* ProductImageCollectionViewCell.swift in Sources */,
				6EDBB63A29D6C6FE00DA91C1 /* PhoneNumberViewController.swift in Sources */,
				6EEE66222AB25F560020063A /* ProfileDetailsViewController.swift in Sources */,
				6E9B79342A2D137100B6559C /* CategoryFilterViewController.swift in Sources */,
				6E5662432A8D7DFC00141178 /* SendPaymentViewController.swift in Sources */,
				6EEE55FF2A9E7D5A002A5506 /* CartTableViewCell.swift in Sources */,
				6E9B79322A2D135F00B6559C /* FIlterMainViewController.swift in Sources */,
				6E9B79382A2D3CD600B6559C /* ListingDetailPageViewController.swift in Sources */,
				6E04FA0529D212BE00503E75 /* SceneDelegate.swift in Sources */,
				6EEE661E2AB25A900020063A /* SettingsAppVersionTableViewCell.swift in Sources */,
				6E56623F2A8A528400141178 /* ScrollDirectionDelegate.swift in Sources */,
				6E56623B2A8916D400141178 /* ChatMessageViewController.swift in Sources */,
				6E82A3882A890AE9000447AB /* TextChatTableViewCell.swift in Sources */,
				6EBDD6312A10FFD000AECD19 /* ListingPageProductDTO.swift in Sources */,
				6E3BE19429E5DC0D0060199C /* ProfilePictureViewController.swift in Sources */,
				6EEE66262AB3B87A0020063A /* SettingsViewController.swift in Sources */,
				6E3BE19629E5DC2E0060199C /* SignInViewController.swift in Sources */,
				6E5662412A8D646F00141178 /* PageChangeDelegate.swift in Sources */,
				6E44C0AF2A7AF28F00AE8385 /* CustomCollectionView.swift in Sources */,
				6EBDD6332A11018900AECD19 /* Enums.swift in Sources */,
				6EDF39E32A2E8B6B00DF04C0 /* PreviewViewController.swift in Sources */,
				6EEE661A2AB2598D0020063A /* SettingsAccountActionButtonTableViewCell.swift in Sources */,
				6E7C0F9C2A35B398002186E2 /* ChatViewController.swift in Sources */,
				6E82A3852A88C661000447AB /* StoreMainPageViewController.swift in Sources */,
				6E04FA4C29D459E500503E75 /* Extensions.swift in Sources */,
			);
			runOnlyForDeploymentPostprocessing = 0;
		};
/* End PBXSourcesBuildPhase section */

/* Begin PBXVariantGroup section */
		6E04FA0829D212BE00503E75 /* Main.storyboard */ = {
			isa = PBXVariantGroup;
			children = (
				6E04FA0929D212BE00503E75 /* Base */,
			);
			name = Main.storyboard;
			sourceTree = "<group>";
		};
		6E04FA0D29D212C100503E75 /* LaunchScreen.storyboard */ = {
			isa = PBXVariantGroup;
			children = (
				6E04FA0E29D212C100503E75 /* Base */,
			);
			name = LaunchScreen.storyboard;
			sourceTree = "<group>";
		};
/* End PBXVariantGroup section */

/* Begin XCBuildConfiguration section */
		6E04FA1129D212C100503E75 /* Debug */ = {
			isa = XCBuildConfiguration;
			buildSettings = {
				ALWAYS_SEARCH_USER_PATHS = NO;
				CLANG_ANALYZER_NONNULL = YES;
				CLANG_ANALYZER_NUMBER_OBJECT_CONVERSION = YES_AGGRESSIVE;
				CLANG_CXX_LANGUAGE_STANDARD = "gnu++20";
				CLANG_ENABLE_MODULES = YES;
				CLANG_ENABLE_OBJC_ARC = YES;
				CLANG_ENABLE_OBJC_WEAK = YES;
				CLANG_WARN_BLOCK_CAPTURE_AUTORELEASING = YES;
				CLANG_WARN_BOOL_CONVERSION = YES;
				CLANG_WARN_COMMA = YES;
				CLANG_WARN_CONSTANT_CONVERSION = YES;
				CLANG_WARN_DEPRECATED_OBJC_IMPLEMENTATIONS = YES;
				CLANG_WARN_DIRECT_OBJC_ISA_USAGE = YES_ERROR;
				CLANG_WARN_DOCUMENTATION_COMMENTS = YES;
				CLANG_WARN_EMPTY_BODY = YES;
				CLANG_WARN_ENUM_CONVERSION = YES;
				CLANG_WARN_INFINITE_RECURSION = YES;
				CLANG_WARN_INT_CONVERSION = YES;
				CLANG_WARN_NON_LITERAL_NULL_CONVERSION = YES;
				CLANG_WARN_OBJC_IMPLICIT_RETAIN_SELF = YES;
				CLANG_WARN_OBJC_LITERAL_CONVERSION = YES;
				CLANG_WARN_OBJC_ROOT_CLASS = YES_ERROR;
				CLANG_WARN_QUOTED_INCLUDE_IN_FRAMEWORK_HEADER = YES;
				CLANG_WARN_RANGE_LOOP_ANALYSIS = YES;
				CLANG_WARN_STRICT_PROTOTYPES = YES;
				CLANG_WARN_SUSPICIOUS_MOVE = YES;
				CLANG_WARN_UNGUARDED_AVAILABILITY = YES_AGGRESSIVE;
				CLANG_WARN_UNREACHABLE_CODE = YES;
				CLANG_WARN__DUPLICATE_METHOD_MATCH = YES;
				COPY_PHASE_STRIP = NO;
				DEBUG_INFORMATION_FORMAT = dwarf;
				ENABLE_STRICT_OBJC_MSGSEND = YES;
				ENABLE_TESTABILITY = YES;
				GCC_C_LANGUAGE_STANDARD = gnu11;
				GCC_DYNAMIC_NO_PIC = NO;
				GCC_NO_COMMON_BLOCKS = YES;
				GCC_OPTIMIZATION_LEVEL = 0;
				GCC_PREPROCESSOR_DEFINITIONS = (
					"DEBUG=1",
					"$(inherited)",
				);
				GCC_WARN_64_TO_32_BIT_CONVERSION = YES;
				GCC_WARN_ABOUT_RETURN_TYPE = YES_ERROR;
				GCC_WARN_UNDECLARED_SELECTOR = YES;
				GCC_WARN_UNINITIALIZED_AUTOS = YES_AGGRESSIVE;
				GCC_WARN_UNUSED_FUNCTION = YES;
				GCC_WARN_UNUSED_VARIABLE = YES;
				IPHONEOS_DEPLOYMENT_TARGET = 15.0;
				MTL_ENABLE_DEBUG_INFO = INCLUDE_SOURCE;
				MTL_FAST_MATH = YES;
				ONLY_ACTIVE_ARCH = YES;
				SDKROOT = iphoneos;
				SWIFT_ACTIVE_COMPILATION_CONDITIONS = DEBUG;
				SWIFT_OPTIMIZATION_LEVEL = "-Onone";
			};
			name = Debug;
		};
		6E04FA1229D212C100503E75 /* Release */ = {
			isa = XCBuildConfiguration;
			buildSettings = {
				ALWAYS_SEARCH_USER_PATHS = NO;
				CLANG_ANALYZER_NONNULL = YES;
				CLANG_ANALYZER_NUMBER_OBJECT_CONVERSION = YES_AGGRESSIVE;
				CLANG_CXX_LANGUAGE_STANDARD = "gnu++20";
				CLANG_ENABLE_MODULES = YES;
				CLANG_ENABLE_OBJC_ARC = YES;
				CLANG_ENABLE_OBJC_WEAK = YES;
				CLANG_WARN_BLOCK_CAPTURE_AUTORELEASING = YES;
				CLANG_WARN_BOOL_CONVERSION = YES;
				CLANG_WARN_COMMA = YES;
				CLANG_WARN_CONSTANT_CONVERSION = YES;
				CLANG_WARN_DEPRECATED_OBJC_IMPLEMENTATIONS = YES;
				CLANG_WARN_DIRECT_OBJC_ISA_USAGE = YES_ERROR;
				CLANG_WARN_DOCUMENTATION_COMMENTS = YES;
				CLANG_WARN_EMPTY_BODY = YES;
				CLANG_WARN_ENUM_CONVERSION = YES;
				CLANG_WARN_INFINITE_RECURSION = YES;
				CLANG_WARN_INT_CONVERSION = YES;
				CLANG_WARN_NON_LITERAL_NULL_CONVERSION = YES;
				CLANG_WARN_OBJC_IMPLICIT_RETAIN_SELF = YES;
				CLANG_WARN_OBJC_LITERAL_CONVERSION = YES;
				CLANG_WARN_OBJC_ROOT_CLASS = YES_ERROR;
				CLANG_WARN_QUOTED_INCLUDE_IN_FRAMEWORK_HEADER = YES;
				CLANG_WARN_RANGE_LOOP_ANALYSIS = YES;
				CLANG_WARN_STRICT_PROTOTYPES = YES;
				CLANG_WARN_SUSPICIOUS_MOVE = YES;
				CLANG_WARN_UNGUARDED_AVAILABILITY = YES_AGGRESSIVE;
				CLANG_WARN_UNREACHABLE_CODE = YES;
				CLANG_WARN__DUPLICATE_METHOD_MATCH = YES;
				COPY_PHASE_STRIP = NO;
				DEBUG_INFORMATION_FORMAT = "dwarf-with-dsym";
				ENABLE_NS_ASSERTIONS = NO;
				ENABLE_STRICT_OBJC_MSGSEND = YES;
				GCC_C_LANGUAGE_STANDARD = gnu11;
				GCC_NO_COMMON_BLOCKS = YES;
				GCC_WARN_64_TO_32_BIT_CONVERSION = YES;
				GCC_WARN_ABOUT_RETURN_TYPE = YES_ERROR;
				GCC_WARN_UNDECLARED_SELECTOR = YES;
				GCC_WARN_UNINITIALIZED_AUTOS = YES_AGGRESSIVE;
				GCC_WARN_UNUSED_FUNCTION = YES;
				GCC_WARN_UNUSED_VARIABLE = YES;
				IPHONEOS_DEPLOYMENT_TARGET = 15.0;
				MTL_ENABLE_DEBUG_INFO = NO;
				MTL_FAST_MATH = YES;
				SDKROOT = iphoneos;
				SWIFT_COMPILATION_MODE = wholemodule;
				SWIFT_OPTIMIZATION_LEVEL = "-O";
				VALIDATE_PRODUCT = YES;
			};
			name = Release;
		};
		6E04FA1429D212C100503E75 /* Debug */ = {
			isa = XCBuildConfiguration;
			buildSettings = {
				ASSETCATALOG_COMPILER_APPICON_NAME = AppIcon;
				ASSETCATALOG_COMPILER_GLOBAL_ACCENT_COLOR_NAME = AccentColor;
				CODE_SIGN_STYLE = Automatic;
				CURRENT_PROJECT_VERSION = 14;
				DEVELOPMENT_TEAM = 97KF2LZHQ2;
				GENERATE_INFOPLIST_FILE = YES;
				INFOPLIST_FILE = "Swéy/Info.plist";
				INFOPLIST_KEY_CFBundleDisplayName = "Swéy";
				INFOPLIST_KEY_LSApplicationCategoryType = "public.app-category.lifestyle";
				INFOPLIST_KEY_UIApplicationSupportsIndirectInputEvents = YES;
				INFOPLIST_KEY_UILaunchStoryboardName = LaunchScreen.storyboard;
				INFOPLIST_KEY_UIMainStoryboardFile = Main;
				INFOPLIST_KEY_UISupportedInterfaceOrientations = UIInterfaceOrientationPortrait;
				IPHONEOS_DEPLOYMENT_TARGET = 15.0;
				LD_RUNPATH_SEARCH_PATHS = (
					"$(inherited)",
					"@executable_path/Frameworks",
				);
				MARKETING_VERSION = 0.1;
				PRODUCT_BUNDLE_IDENTIFIER = com.swey.sweyApp;
				PRODUCT_NAME = "$(TARGET_NAME)";
				SUPPORTED_PLATFORMS = "iphoneos iphonesimulator";
				SUPPORTS_MACCATALYST = NO;
				SUPPORTS_MAC_DESIGNED_FOR_IPHONE_IPAD = YES;
				SWIFT_EMIT_LOC_STRINGS = YES;
				SWIFT_VERSION = 5.0;
				TARGETED_DEVICE_FAMILY = 1;
			};
			name = Debug;
		};
		6E04FA1529D212C100503E75 /* Release */ = {
			isa = XCBuildConfiguration;
			buildSettings = {
				ASSETCATALOG_COMPILER_APPICON_NAME = AppIcon;
				ASSETCATALOG_COMPILER_GLOBAL_ACCENT_COLOR_NAME = AccentColor;
				CODE_SIGN_STYLE = Automatic;
				CURRENT_PROJECT_VERSION = 14;
				DEVELOPMENT_TEAM = 97KF2LZHQ2;
				GENERATE_INFOPLIST_FILE = YES;
				INFOPLIST_FILE = "Swéy/Info.plist";
				INFOPLIST_KEY_CFBundleDisplayName = "Swéy";
				INFOPLIST_KEY_LSApplicationCategoryType = "public.app-category.lifestyle";
				INFOPLIST_KEY_UIApplicationSupportsIndirectInputEvents = YES;
				INFOPLIST_KEY_UILaunchStoryboardName = LaunchScreen.storyboard;
				INFOPLIST_KEY_UIMainStoryboardFile = Main;
				INFOPLIST_KEY_UISupportedInterfaceOrientations = UIInterfaceOrientationPortrait;
				IPHONEOS_DEPLOYMENT_TARGET = 15.0;
				LD_RUNPATH_SEARCH_PATHS = (
					"$(inherited)",
					"@executable_path/Frameworks",
				);
				MARKETING_VERSION = 0.1;
				PRODUCT_BUNDLE_IDENTIFIER = com.swey.sweyApp;
				PRODUCT_NAME = "$(TARGET_NAME)";
				SUPPORTED_PLATFORMS = "iphoneos iphonesimulator";
				SUPPORTS_MACCATALYST = NO;
				SUPPORTS_MAC_DESIGNED_FOR_IPHONE_IPAD = YES;
				SWIFT_EMIT_LOC_STRINGS = YES;
				SWIFT_VERSION = 5.0;
				TARGETED_DEVICE_FAMILY = 1;
			};
			name = Release;
		};
/* End XCBuildConfiguration section */

/* Begin XCConfigurationList section */
		6E04F9FA29D212BE00503E75 /* Build configuration list for PBXProject "Swéy" */ = {
			isa = XCConfigurationList;
			buildConfigurations = (
				6E04FA1129D212C100503E75 /* Debug */,
				6E04FA1229D212C100503E75 /* Release */,
			);
			defaultConfigurationIsVisible = 0;
			defaultConfigurationName = Release;
		};
		6E04FA1329D212C100503E75 /* Build configuration list for PBXNativeTarget "Swey" */ = {
			isa = XCConfigurationList;
			buildConfigurations = (
				6E04FA1429D212C100503E75 /* Debug */,
				6E04FA1529D212C100503E75 /* Release */,
			);
			defaultConfigurationIsVisible = 0;
			defaultConfigurationName = Release;
		};
/* End XCConfigurationList section */
	};
	rootObject = 6E04F9F729D212BE00503E75 /* Project object */;
}
